// !$*UTF8*$!
{
	archiveVersion = 1;
	classes = {
	};
	objectVersion = 77;
	objects = {

/* Begin PBXContainerItemProxy section */
		F4B42C1A2ED60F3100D837E5 /* PBXContainerItemProxy */ = {
			isa = PBXContainerItemProxy;
			containerPortal = F4B42C042ED60F2E00D837E5 /* Project object */;
			proxyType = 1;
			remoteGlobalIDString = F4B42C0B2ED60F2E00D837E5;
			remoteInfo = InteractivePioneersTestTask;
		};
		F4B42C242ED60F3100D837E5 /* PBXContainerItemProxy */ = {
			isa = PBXContainerItemProxy;
			containerPortal = F4B42C042ED60F2E00D837E5 /* Project object */;
			proxyType = 1;
			remoteGlobalIDString = F4B42C0B2ED60F2E00D837E5;
			remoteInfo = InteractivePioneersTestTask;
		};
/* End PBXContainerItemProxy section */

/* Begin PBXFileReference section */
		F4B42C0C2ED60F2E00D837E5 /* InteractivePioneersTestTask.app */ = {isa = PBXFileReference; explicitFileType = wrapper.application; includeInIndex = 0; path = InteractivePioneersTestTask.app; sourceTree = BUILT_PRODUCTS_DIR; };
		F4B42C192ED60F3100D837E5 /* InteractivePioneersTestTaskTests.xctest */ = {isa = PBXFileReference; explicitFileType = wrapper.cfbundle; includeInIndex = 0; path = InteractivePioneersTestTaskTests.xctest; sourceTree = BUILT_PRODUCTS_DIR; };
		F4B42C232ED60F3100D837E5 /* InteractivePioneersTestTaskUITests.xctest */ = {isa = PBXFileReference; explicitFileType = wrapper.cfbundle; includeInIndex = 0; path = InteractivePioneersTestTaskUITests.xctest; sourceTree = BUILT_PRODUCTS_DIR; };
/* End PBXFileReference section */

/* Begin PBXFileSystemSynchronizedRootGroup section */
		F4B42C0E2ED60F2E00D837E5 /* InteractivePioneersTestTask */ = {
			isa = PBXFileSystemSynchronizedRootGroup;
			path = InteractivePioneersTestTask;
			sourceTree = "<group>";
		};
		F4B42C1C2ED60F3100D837E5 /* InteractivePioneersTestTaskTests */ = {
			isa = PBXFileSystemSynchronizedRootGroup;
			path = InteractivePioneersTestTaskTests;
			sourceTree = "<group>";
		};
		F4B42C262ED60F3100D837E5 /* InteractivePioneersTestTaskUITests */ = {
			isa = PBXFileSystemSynchronizedRootGroup;
			path = InteractivePioneersTestTaskUITests;
			sourceTree = "<group>";
		};
/* End PBXFileSystemSynchronizedRootGroup section */

/* Begin PBXFrameworksBuildPhase section */
		F4B42C092ED60F2E00D837E5 /* Frameworks */ = {
			isa = PBXFrameworksBuildPhase;
			buildActionMask = 2147483647;
			files = (
			);
			runOnlyForDeploymentPostprocessing = 0;
		};
		F4B42C162ED60F3100D837E5 /* Frameworks */ = {
			isa = PBXFrameworksBuildPhase;
			buildActionMask = 2147483647;
			files = (
			);
			runOnlyForDeploymentPostprocessing = 0;
		};
		F4B42C202ED60F3100D837E5 /* Frameworks */ = {
			isa = PBXFrameworksBuildPhase;
			buildActionMask = 2147483647;
			files = (
			);
			runOnlyForDeploymentPostprocessing = 0;
		};
/* End PBXFrameworksBuildPhase section */

/* Begin PBXGroup section */
		F4B42C032ED60F2E00D837E5 = {
			isa = PBXGroup;
			children = (
				F4B42C0E2ED60F2E00D837E5 /* InteractivePioneersTestTask */,
				F4B42C1C2ED60F3100D837E5 /* InteractivePioneersTestTaskTests */,
				F4B42C262ED60F3100D837E5 /* InteractivePioneersTestTaskUITests */,
				F4B42C0D2ED60F2E00D837E5 /* Products */,
			);
			sourceTree = "<group>";
		};
		F4B42C0D2ED60F2E00D837E5 /* Products */ = {
			isa = PBXGroup;
			children = (
				F4B42C0C2ED60F2E00D837E5 /* InteractivePioneersTestTask.app */,
				F4B42C192ED60F3100D837E5 /* InteractivePioneersTestTaskTests.xctest */,
				F4B42C232ED60F3100D837E5 /* InteractivePioneersTestTaskUITests.xctest */,
			);
			name = Products;
			sourceTree = "<group>";
		};
/* End PBXGroup section */

/* Begin PBXNativeTarget section */
		F4B42C0B2ED60F2E00D837E5 /* InteractivePioneersTestTask */ = {
			isa = PBXNativeTarget;
			buildConfigurationList = F4B42C2D2ED60F3100D837E5 /* Build configuration list for PBXNativeTarget "InteractivePioneersTestTask" */;
			buildPhases = (
				F4B42C082ED60F2E00D837E5 /* Sources */,
				F4B42C092ED60F2E00D837E5 /* Frameworks */,
				F4B42C0A2ED60F2E00D837E5 /* Resources */,
			);
			buildRules = (
			);
			dependencies = (
			);
			fileSystemSynchronizedGroups = (
				F4B42C0E2ED60F2E00D837E5 /* InteractivePioneersTestTask */,
			);
			name = InteractivePioneersTestTask;
			packageProductDependencies = (
			);
			productName = InteractivePioneersTestTask;
			productReference = F4B42C0C2ED60F2E00D837E5 /* InteractivePioneersTestTask.app */;
			productType = "com.apple.product-type.application";
		};
		F4B42C182ED60F3100D837E5 /* InteractivePioneersTestTaskTests */ = {
			isa = PBXNativeTarget;
			buildConfigurationList = F4B42C302ED60F3100D837E5 /* Build configuration list for PBXNativeTarget "InteractivePioneersTestTaskTests" */;
			buildPhases = (
				F4B42C152ED60F3100D837E5 /* Sources */,
				F4B42C162ED60F3100D837E5 /* Frameworks */,
				F4B42C172ED60F3100D837E5 /* Resources */,
			);
			buildRules = (
			);
			dependencies = (
				F4B42C1B2ED60F3100D837E5 /* PBXTargetDependency */,
			);
			fileSystemSynchronizedGroups = (
				F4B42C1C2ED60F3100D837E5 /* InteractivePioneersTestTaskTests */,
			);
			name = InteractivePioneersTestTaskTests;
			packageProductDependencies = (
			);
			productName = InteractivePioneersTestTaskTests;
			productReference = F4B42C192ED60F3100D837E5 /* InteractivePioneersTestTaskTests.xctest */;
			productType = "com.apple.product-type.bundle.unit-test";
		};
		F4B42C222ED60F3100D837E5 /* InteractivePioneersTestTaskUITests */ = {
			isa = PBXNativeTarget;
			buildConfigurationList = F4B42C332ED60F3100D837E5 /* Build configuration list for PBXNativeTarget "InteractivePioneersTestTaskUITests" */;
			buildPhases = (
				F4B42C1F2ED60F3100D837E5 /* Sources */,
				F4B42C202ED60F3100D837E5 /* Frameworks */,
				F4B42C212ED60F3100D837E5 /* Resources */,
			);
			buildRules = (
			);
			dependencies = (
				F4B42C252ED60F3100D837E5 /* PBXTargetDependency */,
			);
			fileSystemSynchronizedGroups = (
				F4B42C262ED60F3100D837E5 /* InteractivePioneersTestTaskUITests */,
			);
			name = InteractivePioneersTestTaskUITests;
			packageProductDependencies = (
			);
			productName = InteractivePioneersTestTaskUITests;
			productReference = F4B42C232ED60F3100D837E5 /* InteractivePioneersTestTaskUITests.xctest */;
			productType = "com.apple.product-type.bundle.ui-testing";
		};
/* End PBXNativeTarget section */

/* Begin PBXProject section */
		F4B42C042ED60F2E00D837E5 /* Project object */ = {
			isa = PBXProject;
			attributes = {
				BuildIndependentTargetsInParallel = 1;
				LastSwiftUpdateCheck = 2600;
				LastUpgradeCheck = 2600;
				TargetAttributes = {
					F4B42C0B2ED60F2E00D837E5 = {
						CreatedOnToolsVersion = 26.0.1;
					};
					F4B42C182ED60F3100D837E5 = {
						CreatedOnToolsVersion = 26.0.1;
						TestTargetID = F4B42C0B2ED60F2E00D837E5;
					};
					F4B42C222ED60F3100D837E5 = {
						CreatedOnToolsVersion = 26.0.1;
						TestTargetID = F4B42C0B2ED60F2E00D837E5;
					};
				};
			};
			buildConfigurationList = F4B42C072ED60F2E00D837E5 /* Build configuration list for PBXProject "InteractivePioneersTestTask" */;
			developmentRegion = en;
			hasScannedForEncodings = 0;
			knownRegions = (
				en,
				Base,
			);
			mainGroup = F4B42C032ED60F2E00D837E5;
			minimizedProjectReferenceProxies = 1;
			preferredProjectObjectVersion = 77;
			productRefGroup = F4B42C0D2ED60F2E00D837E5 /* Products */;
			projectDirPath = "";
			projectRoot = "";
			targets = (
				F4B42C0B2ED60F2E00D837E5 /* InteractivePioneersTestTask */,
				F4B42C182ED60F3100D837E5 /* InteractivePioneersTestTaskTests */,
				F4B42C222ED60F3100D837E5 /* InteractivePioneersTestTaskUITests */,
			);
		};
/* End PBXProject section */

/* Begin PBXResourcesBuildPhase section */
		F4B42C0A2ED60F2E00D837E5 /* Resources */ = {
			isa = PBXResourcesBuildPhase;
			buildActionMask = 2147483647;
			files = (
			);
			runOnlyForDeploymentPostprocessing = 0;
		};
		F4B42C172ED60F3100D837E5 /* Resources */ = {
			isa = PBXResourcesBuildPhase;
			buildActionMask = 2147483647;
			files = (
			);
			runOnlyForDeploymentPostprocessing = 0;
		};
		F4B42C212ED60F3100D837E5 /* Resources */ = {
			isa = PBXResourcesBuildPhase;
			buildActionMask = 2147483647;
			files = (
			);
			runOnlyForDeploymentPostprocessing = 0;
		};
/* End PBXResourcesBuildPhase section */

/* Begin PBXSourcesBuildPhase section */
		F4B42C082ED60F2E00D837E5 /* Sources */ = {
			isa = PBXSourcesBuildPhase;
			buildActionMask = 2147483647;
			files = (
			);
			runOnlyForDeploymentPostprocessing = 0;
		};
		F4B42C152ED60F3100D837E5 /* Sources */ = {
			isa = PBXSourcesBuildPhase;
			buildActionMask = 2147483647;
			files = (
			);
			runOnlyForDeploymentPostprocessing = 0;
		};
		F4B42C1F2ED60F3100D837E5 /* Sources */ = {
			isa = PBXSourcesBuildPhase;
			buildActionMask = 2147483647;
			files = (
			);
			runOnlyForDeploymentPostprocessing = 0;
		};
/* End PBXSourcesBuildPhase section */

/* Begin PBXTargetDependency section */
		F4B42C1B2ED60F3100D837E5 /* PBXTargetDependency */ = {
			isa = PBXTargetDependency;
			target = F4B42C0B2ED60F2E00D837E5 /* InteractivePioneersTestTask */;
			targetProxy = F4B42C1A2ED60F3100D837E5 /* PBXContainerItemProxy */;
		};
		F4B42C252ED60F3100D837E5 /* PBXTargetDependency */ = {
			isa = PBXTargetDependency;
			target = F4B42C0B2ED60F2E00D837E5 /* InteractivePioneersTestTask */;
			targetProxy = F4B42C242ED60F3100D837E5 /* PBXContainerItemProxy */;
		};
/* End PBXTargetDependency section */

/* Begin XCBuildConfiguration section */
		F4B42C2B2ED60F3100D837E5 /* Debug */ = {
			isa = XCBuildConfiguration;
			buildSettings = {
				ALWAYS_SEARCH_USER_PATHS = NO;
				ASSETCATALOG_COMPILER_GENERATE_SWIFT_ASSET_SYMBOL_EXTENSIONS = YES;
				CLANG_ANALYZER_NONNULL = YES;
				CLANG_ANALYZER_NUMBER_OBJECT_CONVERSION = YES_AGGRESSIVE;
				CLANG_CXX_LANGUAGE_STANDARD = "gnu++20";
				CLANG_ENABLE_MODULES = YES;
				CLANG_ENABLE_OBJC_ARC = YES;
				CLANG_ENABLE_OBJC_WEAK = YES;
				CLANG_WARN_BLOCK_CAPTURE_AUTORELEASING = YES;
				CLANG_WARN_BOOL_CONVERSION = YES;
				CLANG_WARN_COMMA = YES;
				CLANG_WARN_CONSTANT_CONVERSION = YES;
				CLANG_WARN_DEPRECATED_OBJC_IMPLEMENTATIONS = YES;
				CLANG_WARN_DIRECT_OBJC_ISA_USAGE = YES_ERROR;
				CLANG_WARN_DOCUMENTATION_COMMENTS = YES;
				CLANG_WARN_EMPTY_BODY = YES;
				CLANG_WARN_ENUM_CONVERSION = YES;
				CLANG_WARN_INFINITE_RECURSION = YES;
				CLANG_WARN_INT_CONVERSION = YES;
				CLANG_WARN_NON_LITERAL_NULL_CONVERSION = YES;
				CLANG_WARN_OBJC_IMPLICIT_RETAIN_SELF = YES;
				CLANG_WARN_OBJC_LITERAL_CONVERSION = YES;
				CLANG_WARN_OBJC_ROOT_CLASS = YES_ERROR;
				CLANG_WARN_QUOTED_INCLUDE_IN_FRAMEWORK_HEADER = YES;
				CLANG_WARN_RANGE_LOOP_ANALYSIS = YES;
				CLANG_WARN_STRICT_PROTOTYPES = YES;
				CLANG_WARN_SUSPICIOUS_MOVE = YES;
				CLANG_WARN_UNGUARDED_AVAILABILITY = YES_AGGRESSIVE;
				CLANG_WARN_UNREACHABLE_CODE = YES;
				CLANG_WARN__DUPLICATE_METHOD_MATCH = YES;
				COPY_PHASE_STRIP = NO;
				DEBUG_INFORMATION_FORMAT = dwarf;
				DEVELOPMENT_TEAM = W7LK33DCBX;
				ENABLE_STRICT_OBJC_MSGSEND = YES;
				ENABLE_TESTABILITY = YES;
				ENABLE_USER_SCRIPT_SANDBOXING = YES;
				GCC_C_LANGUAGE_STANDARD = gnu17;
				GCC_DYNAMIC_NO_PIC = NO;
				GCC_NO_COMMON_BLOCKS = YES;
				GCC_OPTIMIZATION_LEVEL = 0;
				GCC_PREPROCESSOR_DEFINITIONS = (
					"DEBUG=1",
					"$(inherited)",
				);
				GCC_WARN_64_TO_32_BIT_CONVERSION = YES;
				GCC_WARN_ABOUT_RETURN_TYPE = YES_ERROR;
				GCC_WARN_UNDECLARED_SELECTOR = YES;
				GCC_WARN_UNINITIALIZED_AUTOS = YES_AGGRESSIVE;
				GCC_WARN_UNUSED_FUNCTION = YES;
				GCC_WARN_UNUSED_VARIABLE = YES;
				IPHONEOS_DEPLOYMENT_TARGET = 26.0;
				LOCALIZATION_PREFERS_STRING_CATALOGS = YES;
				MTL_ENABLE_DEBUG_INFO = INCLUDE_SOURCE;
				MTL_FAST_MATH = YES;
				ONLY_ACTIVE_ARCH = YES;
				SDKROOT = iphoneos;
				SWIFT_ACTIVE_COMPILATION_CONDITIONS = "DEBUG $(inherited)";
				SWIFT_OPTIMIZATION_LEVEL = "-Onone";
			};
			name = Debug;
		};
		F4B42C2C2ED60F3100D837E5 /* Release */ = {
			isa = XCBuildConfiguration;
			buildSettings = {
				ALWAYS_SEARCH_USER_PATHS = NO;
				ASSETCATALOG_COMPILER_GENERATE_SWIFT_ASSET_SYMBOL_EXTENSIONS = YES;
				CLANG_ANALYZER_NONNULL = YES;
				CLANG_ANALYZER_NUMBER_OBJECT_CONVERSION = YES_AGGRESSIVE;
				CLANG_CXX_LANGUAGE_STANDARD = "gnu++20";
				CLANG_ENABLE_MODULES = YES;
				CLANG_ENABLE_OBJC_ARC = YES;
				CLANG_ENABLE_OBJC_WEAK = YES;
				CLANG_WARN_BLOCK_CAPTURE_AUTORELEASING = YES;
				CLANG_WARN_BOOL_CONVERSION = YES;
				CLANG_WARN_COMMA = YES;
				CLANG_WARN_CONSTANT_CONVERSION = YES;
				CLANG_WARN_DEPRECATED_OBJC_IMPLEMENTATIONS = YES;
				CLANG_WARN_DIRECT_OBJC_ISA_USAGE = YES_ERROR;
				CLANG_WARN_DOCUMENTATION_COMMENTS = YES;
				CLANG_WARN_EMPTY_BODY = YES;
				CLANG_WARN_ENUM_CONVERSION = YES;
				CLANG_WARN_INFINITE_RECURSION = YES;
				CLANG_WARN_INT_CONVERSION = YES;
				CLANG_WARN_NON_LITERAL_NULL_CONVERSION = YES;
				CLANG_WARN_OBJC_IMPLICIT_RETAIN_SELF = YES;
				CLANG_WARN_OBJC_LITERAL_CONVERSION = YES;
				CLANG_WARN_OBJC_ROOT_CLASS = YES_ERROR;
				CLANG_WARN_QUOTED_INCLUDE_IN_FRAMEWORK_HEADER = YES;
				CLANG_WARN_RANGE_LOOP_ANALYSIS = YES;
				CLANG_WARN_STRICT_PROTOTYPES = YES;
				CLANG_WARN_SUSPICIOUS_MOVE = YES;
				CLANG_WARN_UNGUARDED_AVAILABILITY = YES_AGGRESSIVE;
				CLANG_WARN_UNREACHABLE_CODE = YES;
				CLANG_WARN__DUPLICATE_METHOD_MATCH = YES;
				COPY_PHASE_STRIP = NO;
				DEBUG_INFORMATION_FORMAT = "dwarf-with-dsym";
				DEVELOPMENT_TEAM = W7LK33DCBX;
				ENABLE_NS_ASSERTIONS = NO;
				ENABLE_STRICT_OBJC_MSGSEND = YES;
				ENABLE_USER_SCRIPT_SANDBOXING = YES;
				GCC_C_LANGUAGE_STANDARD = gnu17;
				GCC_NO_COMMON_BLOCKS = YES;
				GCC_WARN_64_TO_32_BIT_CONVERSION = YES;
				GCC_WARN_ABOUT_RETURN_TYPE = YES_ERROR;
				GCC_WARN_UNDECLARED_SELECTOR = YES;
				GCC_WARN_UNINITIALIZED_AUTOS = YES_AGGRESSIVE;
				GCC_WARN_UNUSED_FUNCTION = YES;
				GCC_WARN_UNUSED_VARIABLE = YES;
				IPHONEOS_DEPLOYMENT_TARGET = 26.0;
				LOCALIZATION_PREFERS_STRING_CATALOGS = YES;
				MTL_ENABLE_DEBUG_INFO = NO;
				MTL_FAST_MATH = YES;
				SDKROOT = iphoneos;
				SWIFT_COMPILATION_MODE = wholemodule;
				VALIDATE_PRODUCT = YES;
			};
			name = Release;
		};
		F4B42C2E2ED60F3100D837E5 /* Debug */ = {
			isa = XCBuildConfiguration;
			buildSettings = {
				ASSETCATALOG_COMPILER_APPICON_NAME = AppIcon;
				ASSETCATALOG_COMPILER_GLOBAL_ACCENT_COLOR_NAME = AccentColor;
				CODE_SIGN_STYLE = Automatic;
				CURRENT_PROJECT_VERSION = 1;
				DEVELOPMENT_TEAM = W7LK33DCBX;
				ENABLE_PREVIEWS = YES;
				GENERATE_INFOPLIST_FILE = YES;
				INFOPLIST_KEY_UIApplicationSceneManifest_Generation = YES;
				INFOPLIST_KEY_UIApplicationSupportsIndirectInputEvents = YES;
				INFOPLIST_KEY_UILaunchScreen_Generation = YES;
				INFOPLIST_KEY_UISupportedInterfaceOrientations_iPad = "UIInterfaceOrientationPortrait UIInterfaceOrientationPortraitUpsideDown UIInterfaceOrientationLandscapeLeft UIInterfaceOrientationLandscapeRight";
				INFOPLIST_KEY_UISupportedInterfaceOrientations_iPhone = "UIInterfaceOrientationPortrait UIInterfaceOrientationLandscapeLeft UIInterfaceOrientationLandscapeRight";
				IPHONEOS_DEPLOYMENT_TARGET = 18.0;
				LD_RUNPATH_SEARCH_PATHS = (
					"$(inherited)",
					"@executable_path/Frameworks",
				);
				MARKETING_VERSION = 1.0;
				PRODUCT_BUNDLE_IDENTIFIER = dchantse.InteractivePioneersTestTask;
				PRODUCT_NAME = "$(TARGET_NAME)";
				STRING_CATALOG_GENERATE_SYMBOLS = YES;
				SWIFT_APPROACHABLE_CONCURRENCY = YES;
				SWIFT_DEFAULT_ACTOR_ISOLATION = MainActor;
				SWIFT_EMIT_LOC_STRINGS = YES;
				SWIFT_UPCOMING_FEATURE_MEMBER_IMPORT_VISIBILITY = YES;
				SWIFT_VERSION = 5.0;
				TARGETED_DEVICE_FAMILY = "1,2";
			};
			name = Debug;
		};
		F4B42C2F2ED60F3100D837E5 /* Release */ = {
			isa = XCBuildConfiguration;
			buildSettings = {
				ASSETCATALOG_COMPILER_APPICON_NAME = AppIcon;
				ASSETCATALOG_COMPILER_GLOBAL_ACCENT_COLOR_NAME = AccentColor;
				CODE_SIGN_STYLE = Automatic;
				CURRENT_PROJECT_VERSION = 1;
				DEVELOPMENT_TEAM = W7LK33DCBX;
				ENABLE_PREVIEWS = YES;
				GENERATE_INFOPLIST_FILE = YES;
				INFOPLIST_KEY_UIApplicationSceneManifest_Generation = YES;
				INFOPLIST_KEY_UIApplicationSupportsIndirectInputEvents = YES;
				INFOPLIST_KEY_UILaunchScreen_Generation = YES;
				INFOPLIST_KEY_UISupportedInterfaceOrientations_iPad = "UIInterfaceOrientationPortrait UIInterfaceOrientationPortraitUpsideDown UIInterfaceOrientationLandscapeLeft UIInterfaceOrientationLandscapeRight";
				INFOPLIST_KEY_UISupportedInterfaceOrientations_iPhone = "UIInterfaceOrientationPortrait UIInterfaceOrientationLandscapeLeft UIInterfaceOrientationLandscapeRight";
				IPHONEOS_DEPLOYMENT_TARGET = 18.0;
				LD_RUNPATH_SEARCH_PATHS = (
					"$(inherited)",
					"@executable_path/Frameworks",
				);
				MARKETING_VERSION = 1.0;
				PRODUCT_BUNDLE_IDENTIFIER = dchantse.InteractivePioneersTestTask;
				PRODUCT_NAME = "$(TARGET_NAME)";
				STRING_CATALOG_GENERATE_SYMBOLS = YES;
				SWIFT_APPROACHABLE_CONCURRENCY = YES;
				SWIFT_DEFAULT_ACTOR_ISOLATION = MainActor;
				SWIFT_EMIT_LOC_STRINGS = YES;
				SWIFT_UPCOMING_FEATURE_MEMBER_IMPORT_VISIBILITY = YES;
				SWIFT_VERSION = 5.0;
				TARGETED_DEVICE_FAMILY = "1,2";
			};
			name = Release;
		};
		F4B42C312ED60F3100D837E5 /* Debug */ = {
			isa = XCBuildConfiguration;
			buildSettings = {
				BUNDLE_LOADER = "$(TEST_HOST)";
				CODE_SIGN_STYLE = Automatic;
				CURRENT_PROJECT_VERSION = 1;
				DEVELOPMENT_TEAM = W7LK33DCBX;
				GENERATE_INFOPLIST_FILE = YES;
				IPHONEOS_DEPLOYMENT_TARGET = 26.0;
				MARKETING_VERSION = 1.0;
				PRODUCT_BUNDLE_IDENTIFIER = dchantse.InteractivePioneersTestTaskTests;
				PRODUCT_NAME = "$(TARGET_NAME)";
				STRING_CATALOG_GENERATE_SYMBOLS = NO;
				SWIFT_APPROACHABLE_CONCURRENCY = YES;
				SWIFT_EMIT_LOC_STRINGS = NO;
				SWIFT_UPCOMING_FEATURE_MEMBER_IMPORT_VISIBILITY = YES;
				SWIFT_VERSION = 5.0;
				TARGETED_DEVICE_FAMILY = "1,2";
				TEST_HOST = "$(BUILT_PRODUCTS_DIR)/InteractivePioneersTestTask.app/$(BUNDLE_EXECUTABLE_FOLDER_PATH)/InteractivePioneersTestTask";
			};
			name = Debug;
		};
		F4B42C322ED60F3100D837E5 /* Release */ = {
			isa = XCBuildConfiguration;
			buildSettings = {
				BUNDLE_LOADER = "$(TEST_HOST)";
				CODE_SIGN_STYLE = Automatic;
				CURRENT_PROJECT_VERSION = 1;
				DEVELOPMENT_TEAM = W7LK33DCBX;
				GENERATE_INFOPLIST_FILE = YES;
				IPHONEOS_DEPLOYMENT_TARGET = 26.0;
				MARKETING_VERSION = 1.0;
				PRODUCT_BUNDLE_IDENTIFIER = dchantse.InteractivePioneersTestTaskTests;
				PRODUCT_NAME = "$(TARGET_NAME)";
				STRING_CATALOG_GENERATE_SYMBOLS = NO;
				SWIFT_APPROACHABLE_CONCURRENCY = YES;
				SWIFT_EMIT_LOC_STRINGS = NO;
				SWIFT_UPCOMING_FEATURE_MEMBER_IMPORT_VISIBILITY = YES;
				SWIFT_VERSION = 5.0;
				TARGETED_DEVICE_FAMILY = "1,2";
				TEST_HOST = "$(BUILT_PRODUCTS_DIR)/InteractivePioneersTestTask.app/$(BUNDLE_EXECUTABLE_FOLDER_PATH)/InteractivePioneersTestTask";
			};
			name = Release;
		};
		F4B42C342ED60F3100D837E5 /* Debug */ = {
			isa = XCBuildConfiguration;
			buildSettings = {
				CODE_SIGN_STYLE = Automatic;
				CURRENT_PROJECT_VERSION = 1;
				DEVELOPMENT_TEAM = W7LK33DCBX;
				GENERATE_INFOPLIST_FILE = YES;
				MARKETING_VERSION = 1.0;
				PRODUCT_BUNDLE_IDENTIFIER = dchantse.InteractivePioneersTestTaskUITests;
				PRODUCT_NAME = "$(TARGET_NAME)";
				STRING_CATALOG_GENERATE_SYMBOLS = NO;
				SWIFT_APPROACHABLE_CONCURRENCY = YES;
				SWIFT_EMIT_LOC_STRINGS = NO;
				SWIFT_UPCOMING_FEATURE_MEMBER_IMPORT_VISIBILITY = YES;
				SWIFT_VERSION = 5.0;
				TARGETED_DEVICE_FAMILY = "1,2";
				TEST_TARGET_NAME = InteractivePioneersTestTask;
			};
			name = Debug;
		};
		F4B42C352ED60F3100D837E5 /* Release */ = {
			isa = XCBuildConfiguration;
			buildSettings = {
				CODE_SIGN_STYLE = Automatic;
				CURRENT_PROJECT_VERSION = 1;
				DEVELOPMENT_TEAM = W7LK33DCBX;
				GENERATE_INFOPLIST_FILE = YES;
				MARKETING_VERSION = 1.0;
				PRODUCT_BUNDLE_IDENTIFIER = dchantse.InteractivePioneersTestTaskUITests;
				PRODUCT_NAME = "$(TARGET_NAME)";
				STRING_CATALOG_GENERATE_SYMBOLS = NO;
				SWIFT_APPROACHABLE_CONCURRENCY = YES;
				SWIFT_EMIT_LOC_STRINGS = NO;
				SWIFT_UPCOMING_FEATURE_MEMBER_IMPORT_VISIBILITY = YES;
				SWIFT_VERSION = 5.0;
				TARGETED_DEVICE_FAMILY = "1,2";
				TEST_TARGET_NAME = InteractivePioneersTestTask;
			};
			name = Release;
		};
/* End XCBuildConfiguration section */

/* Begin XCConfigurationList section */
		F4B42C072ED60F2E00D837E5 /* Build configuration list for PBXProject "InteractivePioneersTestTask" */ = {
			isa = XCConfigurationList;
			buildConfigurations = (
				F4B42C2B2ED60F3100D837E5 /* Debug */,
				F4B42C2C2ED60F3100D837E5 /* Release */,
			);
			defaultConfigurationIsVisible = 0;
			defaultConfigurationName = Release;
		};
		F4B42C2D2ED60F3100D837E5 /* Build configuration list for PBXNativeTarget "InteractivePioneersTestTask" */ = {
			isa = XCConfigurationList;
			buildConfigurations = (
				F4B42C2E2ED60F3100D837E5 /* Debug */,
				F4B42C2F2ED60F3100D837E5 /* Release */,
			);
			defaultConfigurationIsVisible = 0;
			defaultConfigurationName = Release;
		};
		F4B42C302ED60F3100D837E5 /* Build configuration list for PBXNativeTarget "InteractivePioneersTestTaskTests" */ = {
			isa = XCConfigurationList;
			buildConfigurations = (
				F4B42C312ED60F3100D837E5 /* Debug */,
				F4B42C322ED60F3100D837E5 /* Release */,
			);
			defaultConfigurationIsVisible = 0;
			defaultConfigurationName = Release;
		};
		F4B42C332ED60F3100D837E5 /* Build configuration list for PBXNativeTarget "InteractivePioneersTestTaskUITests" */ = {
			isa = XCConfigurationList;
			buildConfigurations = (
				F4B42C342ED60F3100D837E5 /* Debug */,
				F4B42C352ED60F3100D837E5 /* Release */,
			);
			defaultConfigurationIsVisible = 0;
			defaultConfigurationName = Release;
		};
/* End XCConfigurationList section */
	};
	rootObject = F4B42C042ED60F2E00D837E5 /* Project object */;
}
